
Microsoft Visual Studio Solution File, Format Version 10.00
# Visual Studio 2008
Project("{FAE04EC0-301F-11D3-BF4B-00C04F79EFBC}") = "ReleaseList.web", "ReleaseList.web\ReleaseList.web.csproj", "{107044E7-A617-456E-8DBE-D61929BEEDDB}"
EndProject
Project("{FAE04EC0-301F-11D3-BF4B-00C04F79EFBC}") = "ReleaseList.Tests", "ReleaseList.Tests\ReleaseList.Tests.csproj", "{81E4A85E-7272-484A-89BD-2E78C60E89EF}"
EndProject
Global
	GlobalSection(SolutionConfigurationPlatforms) = preSolution
		Debug|Any CPU = Debug|Any CPU
		Release|Any CPU = Release|Any CPU
	EndGlobalSection
	GlobalSection(ProjectConfigurationPlatforms) = postSolution
		{107044E7-A617-456E-8DBE-D61929BEEDDB}.Debug|Any CPU.ActiveCfg = Debug|Any CPU
		{107044E7-A617-456E-8DBE-D61929BEEDDB}.Debug|Any CPU.Build.0 = Debug|Any CPU
		{107044E7-A617-456E-8DBE-D61929BEEDDB}.Release|Any CPU.ActiveCfg = Release|Any CPU
		{107044E7-A617-456E-8DBE-D61929BEEDDB}.Release|Any CPU.Build.0 = Release|Any CPU
		{81E4A85E-7272-484A-89BD-2E78C60E89EF}.Debug|Any CPU.ActiveCfg = Debug|Any CPU
		{81E4A85E-7272-484A-89BD-2E78C60E89EF}.Debug|Any CPU.Build.0 = Debug|Any CPU
		{81E4A85E-7272-484A-89BD-2E78C60E89EF}.Release|Any CPU.ActiveCfg = Release|Any CPU
		{81E4A85E-7272-484A-89BD-2E78C60E89EF}.Release|Any CPU.Build.0 = Release|Any CPU
	EndGlobalSection
	GlobalSection(SolutionProperties) = preSolution
		HideSolutionNode = FALSE
	EndGlobalSection
EndGlobal
